// !$*UTF8*$!
{
	archiveVersion = 1;
	classes = {
	};
	objectVersion = 55;
	objects = {

/* Begin PBXBuildFile section */
		44416277287D2C910058E602 /* crypto_market_tracker_iosApp.swift in Sources */ = {isa = PBXBuildFile; fileRef = 44416276287D2C910058E602 /* crypto_market_tracker_iosApp.swift */; };
		44416279287D2C910058E602 /* ContentView.swift in Sources */ = {isa = PBXBuildFile; fileRef = 44416278287D2C910058E602 /* ContentView.swift */; };
		4441627B287D2C950058E602 /* Assets.xcassets in Resources */ = {isa = PBXBuildFile; fileRef = 4441627A287D2C950058E602 /* Assets.xcassets */; };
		4441627E287D2C950058E602 /* Preview Assets.xcassets in Resources */ = {isa = PBXBuildFile; fileRef = 4441627D287D2C950058E602 /* Preview Assets.xcassets */; };
		44416285287D2D0C0058E602 /* MarketView.swift in Sources */ = {isa = PBXBuildFile; fileRef = 44416284287D2D0C0058E602 /* MarketView.swift */; };
		44416287287D2FE80058E602 /* CoinGeckoAPI.swift in Sources */ = {isa = PBXBuildFile; fileRef = 44416286287D2FE80058E602 /* CoinGeckoAPI.swift */; };
		44416289287D30D20058E602 /* coingecko.json in Resources */ = {isa = PBXBuildFile; fileRef = 44416288287D30D20058E602 /* coingecko.json */; };
		44416291287D310F0058E602 /* load.swift in Sources */ = {isa = PBXBuildFile; fileRef = 4441628D287D310F0058E602 /* load.swift */; };
		44416296287D325C0058E602 /* ERC20.swift in Sources */ = {isa = PBXBuildFile; fileRef = 44416295287D325C0058E602 /* ERC20.swift */; };
		44416299287D33090058E602 /* constants.swift in Sources */ = {isa = PBXBuildFile; fileRef = 44416298287D33090058E602 /* constants.swift */; };
		4441629D287D33C30058E602 /* URLImageView.swift in Sources */ = {isa = PBXBuildFile; fileRef = 4441629B287D33C30058E602 /* URLImageView.swift */; };
		4441629E287D33C30058E602 /* ColorView.swift in Sources */ = {isa = PBXBuildFile; fileRef = 4441629C287D33C30058E602 /* ColorView.swift */; };
		444162A1287D3A110058E602 /* MarketSortGroup.swift in Sources */ = {isa = PBXBuildFile; fileRef = 444162A0287D3A110058E602 /* MarketSortGroup.swift */; };
		444162A3287D40D10058E602 /* CoinCellView.swift in Sources */ = {isa = PBXBuildFile; fileRef = 444162A2287D40D10058E602 /* CoinCellView.swift */; };
		444162A5287D41440058E602 /* SortTag.swift in Sources */ = {isa = PBXBuildFile; fileRef = 444162A4287D41440058E602 /* SortTag.swift */; };
		444162A7287D42990058E602 /* CoinList.swift in Sources */ = {isa = PBXBuildFile; fileRef = 444162A6287D42990058E602 /* CoinList.swift */; };
		444162A9287D432E0058E602 /* MarketHeader.swift in Sources */ = {isa = PBXBuildFile; fileRef = 444162A8287D432E0058E602 /* MarketHeader.swift */; };
		444162AD287DE4B90058E602 /* SortCapsule.swift in Sources */ = {isa = PBXBuildFile; fileRef = 444162AC287DE4B90058E602 /* SortCapsule.swift */; };
		444162AF287DEAE50058E602 /* LastUpdatedView.swift in Sources */ = {isa = PBXBuildFile; fileRef = 444162AE287DEAE50058E602 /* LastUpdatedView.swift */; };
		444162B3287DF2FE0058E602 /* MarketManager.swift in Sources */ = {isa = PBXBuildFile; fileRef = 444162B2287DF2FE0058E602 /* MarketManager.swift */; };
/* End PBXBuildFile section */

/* Begin PBXFileReference section */
		44416273287D2C910058E602 /* crypto-market-tracker-ios.app */ = {isa = PBXFileReference; explicitFileType = wrapper.application; includeInIndex = 0; path = "crypto-market-tracker-ios.app"; sourceTree = BUILT_PRODUCTS_DIR; };
		44416276287D2C910058E602 /* crypto_market_tracker_iosApp.swift */ = {isa = PBXFileReference; lastKnownFileType = sourcecode.swift; path = crypto_market_tracker_iosApp.swift; sourceTree = "<group>"; };
		44416278287D2C910058E602 /* ContentView.swift */ = {isa = PBXFileReference; lastKnownFileType = sourcecode.swift; path = ContentView.swift; sourceTree = "<group>"; };
		4441627A287D2C950058E602 /* Assets.xcassets */ = {isa = PBXFileReference; lastKnownFileType = folder.assetcatalog; path = Assets.xcassets; sourceTree = "<group>"; };
		4441627D287D2C950058E602 /* Preview Assets.xcassets */ = {isa = PBXFileReference; lastKnownFileType = folder.assetcatalog; path = "Preview Assets.xcassets"; sourceTree = "<group>"; };
		44416284287D2D0C0058E602 /* MarketView.swift */ = {isa = PBXFileReference; lastKnownFileType = sourcecode.swift; path = MarketView.swift; sourceTree = "<group>"; };
		44416286287D2FE80058E602 /* CoinGeckoAPI.swift */ = {isa = PBXFileReference; lastKnownFileType = sourcecode.swift; path = CoinGeckoAPI.swift; sourceTree = "<group>"; };
		44416288287D30D20058E602 /* coingecko.json */ = {isa = PBXFileReference; fileEncoding = 4; lastKnownFileType = text.json; path = coingecko.json; sourceTree = "<group>"; };
		4441628D287D310F0058E602 /* load.swift */ = {isa = PBXFileReference; fileEncoding = 4; lastKnownFileType = sourcecode.swift; path = load.swift; sourceTree = "<group>"; };
		44416295287D325C0058E602 /* ERC20.swift */ = {isa = PBXFileReference; lastKnownFileType = sourcecode.swift; path = ERC20.swift; sourceTree = "<group>"; };
		44416298287D33090058E602 /* constants.swift */ = {isa = PBXFileReference; fileEncoding = 4; lastKnownFileType = sourcecode.swift; path = constants.swift; sourceTree = "<group>"; };
		4441629B287D33C30058E602 /* URLImageView.swift */ = {isa = PBXFileReference; fileEncoding = 4; lastKnownFileType = sourcecode.swift; path = URLImageView.swift; sourceTree = "<group>"; };
		4441629C287D33C30058E602 /* ColorView.swift */ = {isa = PBXFileReference; fileEncoding = 4; lastKnownFileType = sourcecode.swift; path = ColorView.swift; sourceTree = "<group>"; };
		444162A0287D3A110058E602 /* MarketSortGroup.swift */ = {isa = PBXFileReference; lastKnownFileType = sourcecode.swift; path = MarketSortGroup.swift; sourceTree = "<group>"; };
		444162A2287D40D10058E602 /* CoinCellView.swift */ = {isa = PBXFileReference; lastKnownFileType = sourcecode.swift; path = CoinCellView.swift; sourceTree = "<group>"; };
		444162A4287D41440058E602 /* SortTag.swift */ = {isa = PBXFileReference; lastKnownFileType = sourcecode.swift; path = SortTag.swift; sourceTree = "<group>"; };
		444162A6287D42990058E602 /* CoinList.swift */ = {isa = PBXFileReference; lastKnownFileType = sourcecode.swift; path = CoinList.swift; sourceTree = "<group>"; };
		444162A8287D432E0058E602 /* MarketHeader.swift */ = {isa = PBXFileReference; lastKnownFileType = sourcecode.swift; path = MarketHeader.swift; sourceTree = "<group>"; };
		444162AC287DE4B90058E602 /* SortCapsule.swift */ = {isa = PBXFileReference; lastKnownFileType = sourcecode.swift; path = SortCapsule.swift; sourceTree = "<group>"; };
		444162AE287DEAE50058E602 /* LastUpdatedView.swift */ = {isa = PBXFileReference; lastKnownFileType = sourcecode.swift; path = LastUpdatedView.swift; sourceTree = "<group>"; };
		444162B2287DF2FE0058E602 /* MarketManager.swift */ = {isa = PBXFileReference; lastKnownFileType = sourcecode.swift; path = MarketManager.swift; sourceTree = "<group>"; };
/* End PBXFileReference section */

/* Begin PBXFrameworksBuildPhase section */
		44416270287D2C910058E602 /* Frameworks */ = {
			isa = PBXFrameworksBuildPhase;
			buildActionMask = 2147483647;
			files = (
			);
			runOnlyForDeploymentPostprocessing = 0;
		};
/* End PBXFrameworksBuildPhase section */

/* Begin PBXGroup section */
		4441626A287D2C910058E602 = {
			isa = PBXGroup;
			children = (
				44416275287D2C910058E602 /* crypto-market-tracker-ios */,
				44416274287D2C910058E602 /* Products */,
			);
			sourceTree = "<group>";
		};
		44416274287D2C910058E602 /* Products */ = {
			isa = PBXGroup;
			children = (
				44416273287D2C910058E602 /* crypto-market-tracker-ios.app */,
			);
			name = Products;
			sourceTree = "<group>";
		};
		44416275287D2C910058E602 /* crypto-market-tracker-ios */ = {
			isa = PBXGroup;
			children = (
				44416276287D2C910058E602 /* crypto_market_tracker_iosApp.swift */,
				44416278287D2C910058E602 /* ContentView.swift */,
				4441628A287D310F0058E602 /* api */,
				4441629F287D33C60058E602 /* components */,
				44416297287D33090058E602 /* constants */,
				44416294287D32460058E602 /* data */,
				44416293287D323D0058E602 /* models */,
				444162B1287DF2E40058E602 /* managers */,
				444162AA287DE3E40058E602 /* pages */,
				444162B0287DF2A50058E602 /* utils */,
				4441627A287D2C950058E602 /* Assets.xcassets */,
				4441627C287D2C950058E602 /* Preview Content */,
			);
			path = "crypto-market-tracker-ios";
			sourceTree = "<group>";
		};
		4441627C287D2C950058E602 /* Preview Content */ = {
			isa = PBXGroup;
			children = (
				4441627D287D2C950058E602 /* Preview Assets.xcassets */,
			);
			path = "Preview Content";
			sourceTree = "<group>";
		};
		4441628A287D310F0058E602 /* api */ = {
			isa = PBXGroup;
			children = (
				44416286287D2FE80058E602 /* CoinGeckoAPI.swift */,
			);
			path = api;
			sourceTree = "<group>";
		};
		44416293287D323D0058E602 /* models */ = {
			isa = PBXGroup;
			children = (
				44416295287D325C0058E602 /* ERC20.swift */,
				444162A4287D41440058E602 /* SortTag.swift */,
			);
			path = models;
			sourceTree = "<group>";
		};
		44416294287D32460058E602 /* data */ = {
			isa = PBXGroup;
			children = (
				44416288287D30D20058E602 /* coingecko.json */,
			);
			path = data;
			sourceTree = "<group>";
		};
		44416297287D33090058E602 /* constants */ = {
			isa = PBXGroup;
			children = (
				44416298287D33090058E602 /* constants.swift */,
			);
			path = constants;
			sourceTree = "<group>";
		};
		4441629A287D33C30058E602 /* general */ = {
			isa = PBXGroup;
			children = (
				4441629B287D33C30058E602 /* URLImageView.swift */,
				4441629C287D33C30058E602 /* ColorView.swift */,
			);
			path = general;
			sourceTree = "<group>";
		};
		4441629F287D33C60058E602 /* components */ = {
			isa = PBXGroup;
			children = (
				4441629A287D33C30058E602 /* general */,
				444162AB287DE4870058E602 /* market */,
			);
			path = components;
			sourceTree = "<group>";
		};
		444162AA287DE3E40058E602 /* pages */ = {
			isa = PBXGroup;
			children = (
				44416284287D2D0C0058E602 /* MarketView.swift */,
			);
			path = pages;
			sourceTree = "<group>";
		};
		444162AB287DE4870058E602 /* market */ = {
			isa = PBXGroup;
			children = (
				444162B6287DF5950058E602 /* headers */,
				444162B5287DF5810058E602 /* coins */,
				444162B4287DF5700058E602 /* sort */,
			);
			path = market;
			sourceTree = "<group>";
		};
		444162B0287DF2A50058E602 /* utils */ = {
			isa = PBXGroup;
			children = (
				4441628D287D310F0058E602 /* load.swift */,
			);
			path = utils;
			sourceTree = "<group>";
		};
		444162B1287DF2E40058E602 /* managers */ = {
			isa = PBXGroup;
			children = (
				444162B2287DF2FE0058E602 /* MarketManager.swift */,
			);
			path = managers;
			sourceTree = "<group>";
		};
		444162B4287DF5700058E602 /* sort */ = {
			isa = PBXGroup;
			children = (
				444162A0287D3A110058E602 /* MarketSortGroup.swift */,
				444162AC287DE4B90058E602 /* SortCapsule.swift */,
			);
			path = sort;
			sourceTree = "<group>";
		};
		444162B5287DF5810058E602 /* coins */ = {
			isa = PBXGroup;
			children = (
				444162A6287D42990058E602 /* CoinList.swift */,
				444162A2287D40D10058E602 /* CoinCellView.swift */,
			);
			path = coins;
			sourceTree = "<group>";
		};
		444162B6287DF5950058E602 /* headers */ = {
			isa = PBXGroup;
			children = (
				444162A8287D432E0058E602 /* MarketHeader.swift */,
				444162AE287DEAE50058E602 /* LastUpdatedView.swift */,
			);
			path = headers;
			sourceTree = "<group>";
		};
/* End PBXGroup section */

/* Begin PBXNativeTarget section */
		44416272287D2C910058E602 /* crypto-market-tracker-ios */ = {
			isa = PBXNativeTarget;
			buildConfigurationList = 44416281287D2C950058E602 /* Build configuration list for PBXNativeTarget "crypto-market-tracker-ios" */;
			buildPhases = (
				4441626F287D2C910058E602 /* Sources */,
				44416270287D2C910058E602 /* Frameworks */,
				44416271287D2C910058E602 /* Resources */,
			);
			buildRules = (
			);
			dependencies = (
			);
			name = "crypto-market-tracker-ios";
			productName = "crypto-market-tracker-ios";
			productReference = 44416273287D2C910058E602 /* crypto-market-tracker-ios.app */;
			productType = "com.apple.product-type.application";
		};
/* End PBXNativeTarget section */

/* Begin PBXProject section */
		4441626B287D2C910058E602 /* Project object */ = {
			isa = PBXProject;
			attributes = {
				BuildIndependentTargetsInParallel = 1;
				LastSwiftUpdateCheck = 1320;
				LastUpgradeCheck = 1320;
				TargetAttributes = {
					44416272287D2C910058E602 = {
						CreatedOnToolsVersion = 13.2.1;
					};
				};
			};
			buildConfigurationList = 4441626E287D2C910058E602 /* Build configuration list for PBXProject "crypto-market-tracker-ios" */;
			compatibilityVersion = "Xcode 13.0";
			developmentRegion = en;
			hasScannedForEncodings = 0;
			knownRegions = (
				en,
				Base,
			);
			mainGroup = 4441626A287D2C910058E602;
			productRefGroup = 44416274287D2C910058E602 /* Products */;
			projectDirPath = "";
			projectRoot = "";
			targets = (
				44416272287D2C910058E602 /* crypto-market-tracker-ios */,
			);
		};
/* End PBXProject section */

/* Begin PBXResourcesBuildPhase section */
		44416271287D2C910058E602 /* Resources */ = {
			isa = PBXResourcesBuildPhase;
			buildActionMask = 2147483647;
			files = (
				4441627E287D2C950058E602 /* Preview Assets.xcassets in Resources */,
				44416289287D30D20058E602 /* coingecko.json in Resources */,
				4441627B287D2C950058E602 /* Assets.xcassets in Resources */,
			);
			runOnlyForDeploymentPostprocessing = 0;
		};
/* End PBXResourcesBuildPhase section */

/* Begin PBXSourcesBuildPhase section */
		4441626F287D2C910058E602 /* Sources */ = {
			isa = PBXSourcesBuildPhase;
			buildActionMask = 2147483647;
			files = (
				444162A5287D41440058E602 /* SortTag.swift in Sources */,
				44416279287D2C910058E602 /* ContentView.swift in Sources */,
				44416287287D2FE80058E602 /* CoinGeckoAPI.swift in Sources */,
				444162B3287DF2FE0058E602 /* MarketManager.swift in Sources */,
				44416296287D325C0058E602 /* ERC20.swift in Sources */,
				444162AD287DE4B90058E602 /* SortCapsule.swift in Sources */,
				444162A3287D40D10058E602 /* CoinCellView.swift in Sources */,
				444162AF287DEAE50058E602 /* LastUpdatedView.swift in Sources */,
				44416299287D33090058E602 /* constants.swift in Sources */,
				44416291287D310F0058E602 /* load.swift in Sources */,
				444162A7287D42990058E602 /* CoinList.swift in Sources */,
				44416277287D2C910058E602 /* crypto_market_tracker_iosApp.swift in Sources */,
				4441629E287D33C30058E602 /* ColorView.swift in Sources */,
				444162A1287D3A110058E602 /* MarketSortGroup.swift in Sources */,
				4441629D287D33C30058E602 /* URLImageView.swift in Sources */,
				444162A9287D432E0058E602 /* MarketHeader.swift in Sources */,
				44416285287D2D0C0058E602 /* MarketView.swift in Sources */,
			);
			runOnlyForDeploymentPostprocessing = 0;
		};
/* End PBXSourcesBuildPhase section */

/* Begin XCBuildConfiguration section */
		4441627F287D2C950058E602 /* Debug */ = {
			isa = XCBuildConfiguration;
			buildSettings = {
				ALWAYS_SEARCH_USER_PATHS = NO;
				CLANG_ANALYZER_NONNULL = YES;
				CLANG_ANALYZER_NUMBER_OBJECT_CONVERSION = YES_AGGRESSIVE;
				CLANG_CXX_LANGUAGE_STANDARD = "gnu++17";
				CLANG_CXX_LIBRARY = "libc++";
				CLANG_ENABLE_MODULES = YES;
				CLANG_ENABLE_OBJC_ARC = YES;
				CLANG_ENABLE_OBJC_WEAK = YES;
				CLANG_WARN_BLOCK_CAPTURE_AUTORELEASING = YES;
				CLANG_WARN_BOOL_CONVERSION = YES;
				CLANG_WARN_COMMA = YES;
				CLANG_WARN_CONSTANT_CONVERSION = YES;
				CLANG_WARN_DEPRECATED_OBJC_IMPLEMENTATIONS = YES;
				CLANG_WARN_DIRECT_OBJC_ISA_USAGE = YES_ERROR;
				CLANG_WARN_DOCUMENTATION_COMMENTS = YES;
				CLANG_WARN_EMPTY_BODY = YES;
				CLANG_WARN_ENUM_CONVERSION = YES;
				CLANG_WARN_INFINITE_RECURSION = YES;
				CLANG_WARN_INT_CONVERSION = YES;
				CLANG_WARN_NON_LITERAL_NULL_CONVERSION = YES;
				CLANG_WARN_OBJC_IMPLICIT_RETAIN_SELF = YES;
				CLANG_WARN_OBJC_LITERAL_CONVERSION = YES;
				CLANG_WARN_OBJC_ROOT_CLASS = YES_ERROR;
				CLANG_WARN_QUOTED_INCLUDE_IN_FRAMEWORK_HEADER = YES;
				CLANG_WARN_RANGE_LOOP_ANALYSIS = YES;
				CLANG_WARN_STRICT_PROTOTYPES = YES;
				CLANG_WARN_SUSPICIOUS_MOVE = YES;
				CLANG_WARN_UNGUARDED_AVAILABILITY = YES_AGGRESSIVE;
				CLANG_WARN_UNREACHABLE_CODE = YES;
				CLANG_WARN__DUPLICATE_METHOD_MATCH = YES;
				COPY_PHASE_STRIP = NO;
				DEBUG_INFORMATION_FORMAT = dwarf;
				ENABLE_STRICT_OBJC_MSGSEND = YES;
				ENABLE_TESTABILITY = YES;
				GCC_C_LANGUAGE_STANDARD = gnu11;
				GCC_DYNAMIC_NO_PIC = NO;
				GCC_NO_COMMON_BLOCKS = YES;
				GCC_OPTIMIZATION_LEVEL = 0;
				GCC_PREPROCESSOR_DEFINITIONS = (
					"DEBUG=1",
					"$(inherited)",
				);
				GCC_WARN_64_TO_32_BIT_CONVERSION = YES;
				GCC_WARN_ABOUT_RETURN_TYPE = YES_ERROR;
				GCC_WARN_UNDECLARED_SELECTOR = YES;
				GCC_WARN_UNINITIALIZED_AUTOS = YES_AGGRESSIVE;
				GCC_WARN_UNUSED_FUNCTION = YES;
				GCC_WARN_UNUSED_VARIABLE = YES;
				IPHONEOS_DEPLOYMENT_TARGET = 15.2;
				MTL_ENABLE_DEBUG_INFO = INCLUDE_SOURCE;
				MTL_FAST_MATH = YES;
				ONLY_ACTIVE_ARCH = YES;
				SDKROOT = iphoneos;
				SWIFT_ACTIVE_COMPILATION_CONDITIONS = DEBUG;
				SWIFT_OPTIMIZATION_LEVEL = "-Onone";
			};
			name = Debug;
		};
		44416280287D2C950058E602 /* Release */ = {
			isa = XCBuildConfiguration;
			buildSettings = {
				ALWAYS_SEARCH_USER_PATHS = NO;
				CLANG_ANALYZER_NONNULL = YES;
				CLANG_ANALYZER_NUMBER_OBJECT_CONVERSION = YES_AGGRESSIVE;
				CLANG_CXX_LANGUAGE_STANDARD = "gnu++17";
				CLANG_CXX_LIBRARY = "libc++";
				CLANG_ENABLE_MODULES = YES;
				CLANG_ENABLE_OBJC_ARC = YES;
				CLANG_ENABLE_OBJC_WEAK = YES;
				CLANG_WARN_BLOCK_CAPTURE_AUTORELEASING = YES;
				CLANG_WARN_BOOL_CONVERSION = YES;
				CLANG_WARN_COMMA = YES;
				CLANG_WARN_CONSTANT_CONVERSION = YES;
				CLANG_WARN_DEPRECATED_OBJC_IMPLEMENTATIONS = YES;
				CLANG_WARN_DIRECT_OBJC_ISA_USAGE = YES_ERROR;
				CLANG_WARN_DOCUMENTATION_COMMENTS = YES;
				CLANG_WARN_EMPTY_BODY = YES;
				CLANG_WARN_ENUM_CONVERSION = YES;
				CLANG_WARN_INFINITE_RECURSION = YES;
				CLANG_WARN_INT_CONVERSION = YES;
				CLANG_WARN_NON_LITERAL_NULL_CONVERSION = YES;
				CLANG_WARN_OBJC_IMPLICIT_RETAIN_SELF = YES;
				CLANG_WARN_OBJC_LITERAL_CONVERSION = YES;
				CLANG_WARN_OBJC_ROOT_CLASS = YES_ERROR;
				CLANG_WARN_QUOTED_INCLUDE_IN_FRAMEWORK_HEADER = YES;
				CLANG_WARN_RANGE_LOOP_ANALYSIS = YES;
				CLANG_WARN_STRICT_PROTOTYPES = YES;
				CLANG_WARN_SUSPICIOUS_MOVE = YES;
				CLANG_WARN_UNGUARDED_AVAILABILITY = YES_AGGRESSIVE;
				CLANG_WARN_UNREACHABLE_CODE = YES;
				CLANG_WARN__DUPLICATE_METHOD_MATCH = YES;
				COPY_PHASE_STRIP = NO;
				DEBUG_INFORMATION_FORMAT = "dwarf-with-dsym";
				ENABLE_NS_ASSERTIONS = NO;
				ENABLE_STRICT_OBJC_MSGSEND = YES;
				GCC_C_LANGUAGE_STANDARD = gnu11;
				GCC_NO_COMMON_BLOCKS = YES;
				GCC_WARN_64_TO_32_BIT_CONVERSION = YES;
				GCC_WARN_ABOUT_RETURN_TYPE = YES_ERROR;
				GCC_WARN_UNDECLARED_SELECTOR = YES;
				GCC_WARN_UNINITIALIZED_AUTOS = YES_AGGRESSIVE;
				GCC_WARN_UNUSED_FUNCTION = YES;
				GCC_WARN_UNUSED_VARIABLE = YES;
				IPHONEOS_DEPLOYMENT_TARGET = 15.2;
				MTL_ENABLE_DEBUG_INFO = NO;
				MTL_FAST_MATH = YES;
				SDKROOT = iphoneos;
				SWIFT_COMPILATION_MODE = wholemodule;
				SWIFT_OPTIMIZATION_LEVEL = "-O";
				VALIDATE_PRODUCT = YES;
			};
			name = Release;
		};
		44416282287D2C950058E602 /* Debug */ = {
			isa = XCBuildConfiguration;
			buildSettings = {
				ASSETCATALOG_COMPILER_APPICON_NAME = AppIcon;
				ASSETCATALOG_COMPILER_GLOBAL_ACCENT_COLOR_NAME = AccentColor;
				CODE_SIGN_STYLE = Automatic;
				CURRENT_PROJECT_VERSION = 1;
				DEVELOPMENT_ASSET_PATHS = "\"crypto-market-tracker-ios/Preview Content\"";
				DEVELOPMENT_TEAM = C627JSB85J;
				ENABLE_PREVIEWS = YES;
				GENERATE_INFOPLIST_FILE = YES;
				INFOPLIST_KEY_UIApplicationSceneManifest_Generation = YES;
				INFOPLIST_KEY_UIApplicationSupportsIndirectInputEvents = YES;
				INFOPLIST_KEY_UILaunchScreen_Generation = YES;
				INFOPLIST_KEY_UISupportedInterfaceOrientations_iPad = "UIInterfaceOrientationPortrait UIInterfaceOrientationPortraitUpsideDown UIInterfaceOrientationLandscapeLeft UIInterfaceOrientationLandscapeRight";
				INFOPLIST_KEY_UISupportedInterfaceOrientations_iPhone = "UIInterfaceOrientationPortrait UIInterfaceOrientationLandscapeLeft UIInterfaceOrientationLandscapeRight";
				LD_RUNPATH_SEARCH_PATHS = (
					"$(inherited)",
					"@executable_path/Frameworks",
				);
				MARKETING_VERSION = 1.0;
				PRODUCT_BUNDLE_IDENTIFIER = "JS8.crypto-market-tracker-ios";
				PRODUCT_NAME = "$(TARGET_NAME)";
				SWIFT_EMIT_LOC_STRINGS = YES;
				SWIFT_VERSION = 5.0;
				TARGETED_DEVICE_FAMILY = "1,2";
			};
			name = Debug;
		};
		44416283287D2C950058E602 /* Release */ = {
			isa = XCBuildConfiguration;
			buildSettings = {
				ASSETCATALOG_COMPILER_APPICON_NAME = AppIcon;
				ASSETCATALOG_COMPILER_GLOBAL_ACCENT_COLOR_NAME = AccentColor;
				CODE_SIGN_STYLE = Automatic;
				CURRENT_PROJECT_VERSION = 1;
				DEVELOPMENT_ASSET_PATHS = "\"crypto-market-tracker-ios/Preview Content\"";
				DEVELOPMENT_TEAM = C627JSB85J;
				ENABLE_PREVIEWS = YES;
				GENERATE_INFOPLIST_FILE = YES;
				INFOPLIST_KEY_UIApplicationSceneManifest_Generation = YES;
				INFOPLIST_KEY_UIApplicationSupportsIndirectInputEvents = YES;
				INFOPLIST_KEY_UILaunchScreen_Generation = YES;
				INFOPLIST_KEY_UISupportedInterfaceOrientations_iPad = "UIInterfaceOrientationPortrait UIInterfaceOrientationPortraitUpsideDown UIInterfaceOrientationLandscapeLeft UIInterfaceOrientationLandscapeRight";
				INFOPLIST_KEY_UISupportedInterfaceOrientations_iPhone = "UIInterfaceOrientationPortrait UIInterfaceOrientationLandscapeLeft UIInterfaceOrientationLandscapeRight";
				LD_RUNPATH_SEARCH_PATHS = (
					"$(inherited)",
					"@executable_path/Frameworks",
				);
				MARKETING_VERSION = 1.0;
				PRODUCT_BUNDLE_IDENTIFIER = "JS8.crypto-market-tracker-ios";
				PRODUCT_NAME = "$(TARGET_NAME)";
				SWIFT_EMIT_LOC_STRINGS = YES;
				SWIFT_VERSION = 5.0;
				TARGETED_DEVICE_FAMILY = "1,2";
			};
			name = Release;
		};
/* End XCBuildConfiguration section */

/* Begin XCConfigurationList section */
		4441626E287D2C910058E602 /* Build configuration list for PBXProject "crypto-market-tracker-ios" */ = {
			isa = XCConfigurationList;
			buildConfigurations = (
				4441627F287D2C950058E602 /* Debug */,
				44416280287D2C950058E602 /* Release */,
			);
			defaultConfigurationIsVisible = 0;
			defaultConfigurationName = Release;
		};
		44416281287D2C950058E602 /* Build configuration list for PBXNativeTarget "crypto-market-tracker-ios" */ = {
			isa = XCConfigurationList;
			buildConfigurations = (
				44416282287D2C950058E602 /* Debug */,
				44416283287D2C950058E602 /* Release */,
			);
			defaultConfigurationIsVisible = 0;
			defaultConfigurationName = Release;
		};
/* End XCConfigurationList section */
	};
	rootObject = 4441626B287D2C910058E602 /* Project object */;
}
